// !$*UTF8*$!
{
	archiveVersion = 1;
	classes = {
	};
	objectVersion = 46;
	objects = {

/* Begin PBXBuildFile section */
		57ABE3FCF0CD7FBFCF2A5B25 /* libPods-Office365Demo.a in Frameworks */ = {isa = PBXBuildFile; fileRef = DF47302380EC9B8D1050396D /* libPods-Office365Demo.a */; };
		592B83C11DB5286F00FA7D5D /* MessageDetailViewController.swift in Sources */ = {isa = PBXBuildFile; fileRef = 592B83C01DB5286F00FA7D5D /* MessageDetailViewController.swift */; };
		595490A31D2183A100A74E3B /* MessagesTableViewController.swift in Sources */ = {isa = PBXBuildFile; fileRef = 595490A21D2183A100A74E3B /* MessagesTableViewController.swift */; };
		595490A51D21866900A74E3B /* MessagesTableViewCell.swift in Sources */ = {isa = PBXBuildFile; fileRef = 595490A41D21866900A74E3B /* MessagesTableViewCell.swift */; };
		595490A81D219C9200A74E3B /* UIColorExtension.swift in Sources */ = {isa = PBXBuildFile; fileRef = 595490A71D219C9200A74E3B /* UIColorExtension.swift */; };
		595490AA1D21C85000A74E3B /* NSDateExtension.swift in Sources */ = {isa = PBXBuildFile; fileRef = 595490A91D21C85000A74E3B /* NSDateExtension.swift */; };
		595490B11D23181E00A74E3B /* Conversation.swift in Sources */ = {isa = PBXBuildFile; fileRef = 595490B01D23181E00A74E3B /* Conversation.swift */; };
		595490B31D24404600A74E3B /* Office365Manager.swift in Sources */ = {isa = PBXBuildFile; fileRef = 595490B21D24404600A74E3B /* Office365Manager.swift */; };
		59EBD2F91D186156009E6C2F /* AppDelegate.swift in Sources */ = {isa = PBXBuildFile; fileRef = 59EBD2F81D186156009E6C2F /* AppDelegate.swift */; };
		59EBD2FE1D186156009E6C2F /* Main.storyboard in Resources */ = {isa = PBXBuildFile; fileRef = 59EBD2FC1D186156009E6C2F /* Main.storyboard */; };
		59EBD3001D186156009E6C2F /* Assets.xcassets in Resources */ = {isa = PBXBuildFile; fileRef = 59EBD2FF1D186156009E6C2F /* Assets.xcassets */; };
		59EBD3031D186156009E6C2F /* LaunchScreen.storyboard in Resources */ = {isa = PBXBuildFile; fileRef = 59EBD3011D186156009E6C2F /* LaunchScreen.storyboard */; };
		59EBD30E1D186156009E6C2F /* Office365DemoTests.swift in Sources */ = {isa = PBXBuildFile; fileRef = 59EBD30D1D186156009E6C2F /* Office365DemoTests.swift */; };
		59EBD3191D186156009E6C2F /* Office365DemoUITests.swift in Sources */ = {isa = PBXBuildFile; fileRef = 59EBD3181D186156009E6C2F /* Office365DemoUITests.swift */; };
		59EBD3291D186743009E6C2F /* Podfile in Resources */ = {isa = PBXBuildFile; fileRef = 59EBD3281D186743009E6C2F /* Podfile */; };
		59EBD32D1D186C56009E6C2F /* AuthenticationManager.swift in Sources */ = {isa = PBXBuildFile; fileRef = 59EBD32C1D186C56009E6C2F /* AuthenticationManager.swift */; };
		59EBD32F1D1871D9009E6C2F /* O365ClientFetcher.swift in Sources */ = {isa = PBXBuildFile; fileRef = 59EBD32E1D1871D9009E6C2F /* O365ClientFetcher.swift */; };
		59EBD3331D189D56009E6C2F /* Office365LoginButton.swift in Sources */ = {isa = PBXBuildFile; fileRef = 59EBD3321D189D56009E6C2F /* Office365LoginButton.swift */; };
		59EBD33B1D19B585009E6C2F /* LoginViewController.swift in Sources */ = {isa = PBXBuildFile; fileRef = 59EBD33A1D19B585009E6C2F /* LoginViewController.swift */; };
		59FF28481DB7BFF500E8E9C4 /* ComposeTableViewController.swift in Sources */ = {isa = PBXBuildFile; fileRef = 59FF28471DB7BFF500E8E9C4 /* ComposeTableViewController.swift */; };
		59FF284B1DB839EA00E8E9C4 /* ActivityViewController.swift in Sources */ = {isa = PBXBuildFile; fileRef = 59FF284A1DB839EA00E8E9C4 /* ActivityViewController.swift */; };
		59FF284D1DBADC7A00E8E9C4 /* MessageDetailTableViewCell.swift in Sources */ = {isa = PBXBuildFile; fileRef = 59FF284C1DBADC7A00E8E9C4 /* MessageDetailTableViewCell.swift */; };
		59FF284F1DBBD00200E8E9C4 /* MessageDetailTableViewController.swift in Sources */ = {isa = PBXBuildFile; fileRef = 59FF284E1DBBD00200E8E9C4 /* MessageDetailTableViewController.swift */; };
		59FF28511DBBF5CC00E8E9C4 /* MessageDetailCollectionReusableView.swift in Sources */ = {isa = PBXBuildFile; fileRef = 59FF28501DBBF5CC00E8E9C4 /* MessageDetailCollectionReusableView.swift */; };
/* End PBXBuildFile section */

/* Begin PBXContainerItemProxy section */
		59EBD30A1D186156009E6C2F /* PBXContainerItemProxy */ = {
			isa = PBXContainerItemProxy;
			containerPortal = 59EBD2ED1D186156009E6C2F /* Project object */;
			proxyType = 1;
			remoteGlobalIDString = 59EBD2F41D186156009E6C2F;
			remoteInfo = Office365Demo;
		};
		59EBD3151D186156009E6C2F /* PBXContainerItemProxy */ = {
			isa = PBXContainerItemProxy;
			containerPortal = 59EBD2ED1D186156009E6C2F /* Project object */;
			proxyType = 1;
			remoteGlobalIDString = 59EBD2F41D186156009E6C2F;
			remoteInfo = Office365Demo;
		};
/* End PBXContainerItemProxy section */

/* Begin PBXFileReference section */
		39662F16A075918A8E57AC47 /* Pods-Office365Demo.release.xcconfig */ = {isa = PBXFileReference; includeInIndex = 1; lastKnownFileType = text.xcconfig; name = "Pods-Office365Demo.release.xcconfig"; path = "Pods/Target Support Files/Pods-Office365Demo/Pods-Office365Demo.release.xcconfig"; sourceTree = "<group>"; };
		592B83C01DB5286F00FA7D5D /* MessageDetailViewController.swift */ = {isa = PBXFileReference; fileEncoding = 4; lastKnownFileType = sourcecode.swift; path = MessageDetailViewController.swift; sourceTree = "<group>"; };
		595490A21D2183A100A74E3B /* MessagesTableViewController.swift */ = {isa = PBXFileReference; fileEncoding = 4; lastKnownFileType = sourcecode.swift; path = MessagesTableViewController.swift; sourceTree = "<group>"; };
		595490A41D21866900A74E3B /* MessagesTableViewCell.swift */ = {isa = PBXFileReference; fileEncoding = 4; lastKnownFileType = sourcecode.swift; name = MessagesTableViewCell.swift; path = cell/MessagesTableViewCell.swift; sourceTree = "<group>"; };
		595490A71D219C9200A74E3B /* UIColorExtension.swift */ = {isa = PBXFileReference; fileEncoding = 4; lastKnownFileType = sourcecode.swift; name = UIColorExtension.swift; path = extension/UIColorExtension.swift; sourceTree = "<group>"; };
		595490A91D21C85000A74E3B /* NSDateExtension.swift */ = {isa = PBXFileReference; fileEncoding = 4; lastKnownFileType = sourcecode.swift; name = NSDateExtension.swift; path = extension/NSDateExtension.swift; sourceTree = "<group>"; };
		595490B01D23181E00A74E3B /* Conversation.swift */ = {isa = PBXFileReference; fileEncoding = 4; lastKnownFileType = sourcecode.swift; name = Conversation.swift; path = model/Conversation.swift; sourceTree = "<group>"; };
		595490B21D24404600A74E3B /* Office365Manager.swift */ = {isa = PBXFileReference; fileEncoding = 4; lastKnownFileType = sourcecode.swift; name = Office365Manager.swift; path = api/Office365Manager.swift; sourceTree = "<group>"; };
		595490B41D26CA8100A74E3B /* Office365Demo.entitlements */ = {isa = PBXFileReference; lastKnownFileType = text.xml; path = Office365Demo.entitlements; sourceTree = "<group>"; };
		59EBD2F51D186156009E6C2F /* Office365Demo.app */ = {isa = PBXFileReference; explicitFileType = wrapper.application; includeInIndex = 0; path = Office365Demo.app; sourceTree = BUILT_PRODUCTS_DIR; };
		59EBD2F81D186156009E6C2F /* AppDelegate.swift */ = {isa = PBXFileReference; lastKnownFileType = sourcecode.swift; path = AppDelegate.swift; sourceTree = "<group>"; };
		59EBD2FD1D186156009E6C2F /* Base */ = {isa = PBXFileReference; lastKnownFileType = file.storyboard; name = Base; path = Base.lproj/Main.storyboard; sourceTree = "<group>"; };
		59EBD2FF1D186156009E6C2F /* Assets.xcassets */ = {isa = PBXFileReference; lastKnownFileType = folder.assetcatalog; path = Assets.xcassets; sourceTree = "<group>"; };
		59EBD3021D186156009E6C2F /* Base */ = {isa = PBXFileReference; lastKnownFileType = file.storyboard; name = Base; path = Base.lproj/LaunchScreen.storyboard; sourceTree = "<group>"; };
		59EBD3041D186156009E6C2F /* Info.plist */ = {isa = PBXFileReference; lastKnownFileType = text.plist.xml; path = Info.plist; sourceTree = "<group>"; };
		59EBD3091D186156009E6C2F /* Office365DemoTests.xctest */ = {isa = PBXFileReference; explicitFileType = wrapper.cfbundle; includeInIndex = 0; path = Office365DemoTests.xctest; sourceTree = BUILT_PRODUCTS_DIR; };
		59EBD30D1D186156009E6C2F /* Office365DemoTests.swift */ = {isa = PBXFileReference; lastKnownFileType = sourcecode.swift; path = Office365DemoTests.swift; sourceTree = "<group>"; };
		59EBD30F1D186156009E6C2F /* Info.plist */ = {isa = PBXFileReference; lastKnownFileType = text.plist.xml; path = Info.plist; sourceTree = "<group>"; };
		59EBD3141D186156009E6C2F /* Office365DemoUITests.xctest */ = {isa = PBXFileReference; explicitFileType = wrapper.cfbundle; includeInIndex = 0; path = Office365DemoUITests.xctest; sourceTree = BUILT_PRODUCTS_DIR; };
		59EBD3181D186156009E6C2F /* Office365DemoUITests.swift */ = {isa = PBXFileReference; lastKnownFileType = sourcecode.swift; path = Office365DemoUITests.swift; sourceTree = "<group>"; };
		59EBD31A1D186156009E6C2F /* Info.plist */ = {isa = PBXFileReference; lastKnownFileType = text.plist.xml; path = Info.plist; sourceTree = "<group>"; };
		59EBD3281D186743009E6C2F /* Podfile */ = {isa = PBXFileReference; fileEncoding = 4; lastKnownFileType = text; path = Podfile; sourceTree = "<group>"; xcLanguageSpecificationIdentifier = xcode.lang.ruby; };
		59EBD32B1D186B13009E6C2F /* Bridging-Header.h */ = {isa = PBXFileReference; lastKnownFileType = sourcecode.c.h; path = "Bridging-Header.h"; sourceTree = "<group>"; };
		59EBD32C1D186C56009E6C2F /* AuthenticationManager.swift */ = {isa = PBXFileReference; fileEncoding = 4; lastKnownFileType = sourcecode.swift; name = AuthenticationManager.swift; path = api/AuthenticationManager.swift; sourceTree = "<group>"; };
		59EBD32E1D1871D9009E6C2F /* O365ClientFetcher.swift */ = {isa = PBXFileReference; fileEncoding = 4; lastKnownFileType = sourcecode.swift; name = O365ClientFetcher.swift; path = api/O365ClientFetcher.swift; sourceTree = "<group>"; };
		59EBD3321D189D56009E6C2F /* Office365LoginButton.swift */ = {isa = PBXFileReference; fileEncoding = 4; lastKnownFileType = sourcecode.swift; name = Office365LoginButton.swift; path = button/Office365LoginButton.swift; sourceTree = "<group>"; };
		59EBD33A1D19B585009E6C2F /* LoginViewController.swift */ = {isa = PBXFileReference; fileEncoding = 4; lastKnownFileType = sourcecode.swift; path = LoginViewController.swift; sourceTree = "<group>"; };
		59FF28471DB7BFF500E8E9C4 /* ComposeTableViewController.swift */ = {isa = PBXFileReference; fileEncoding = 4; lastKnownFileType = sourcecode.swift; path = ComposeTableViewController.swift; sourceTree = "<group>"; };
		59FF284A1DB839EA00E8E9C4 /* ActivityViewController.swift */ = {isa = PBXFileReference; fileEncoding = 4; lastKnownFileType = sourcecode.swift; name = ActivityViewController.swift; path = util/ActivityViewController.swift; sourceTree = "<group>"; };
		59FF284C1DBADC7A00E8E9C4 /* MessageDetailTableViewCell.swift */ = {isa = PBXFileReference; fileEncoding = 4; lastKnownFileType = sourcecode.swift; name = MessageDetailTableViewCell.swift; path = cell/MessageDetailTableViewCell.swift; sourceTree = "<group>"; };
		59FF284E1DBBD00200E8E9C4 /* MessageDetailTableViewController.swift */ = {isa = PBXFileReference; fileEncoding = 4; lastKnownFileType = sourcecode.swift; path = MessageDetailTableViewController.swift; sourceTree = "<group>"; };
		59FF28501DBBF5CC00E8E9C4 /* MessageDetailCollectionReusableView.swift */ = {isa = PBXFileReference; fileEncoding = 4; lastKnownFileType = sourcecode.swift; name = MessageDetailCollectionReusableView.swift; path = cell/MessageDetailCollectionReusableView.swift; sourceTree = "<group>"; };
		DF47302380EC9B8D1050396D /* libPods-Office365Demo.a */ = {isa = PBXFileReference; explicitFileType = archive.ar; includeInIndex = 0; path = "libPods-Office365Demo.a"; sourceTree = BUILT_PRODUCTS_DIR; };
		E00FCB21BB973EE1B0F200F3 /* Pods-Office365Demo.debug.xcconfig */ = {isa = PBXFileReference; includeInIndex = 1; lastKnownFileType = text.xcconfig; name = "Pods-Office365Demo.debug.xcconfig"; path = "Pods/Target Support Files/Pods-Office365Demo/Pods-Office365Demo.debug.xcconfig"; sourceTree = "<group>"; };
/* End PBXFileReference section */

/* Begin PBXFrameworksBuildPhase section */
		59EBD2F21D186156009E6C2F /* Frameworks */ = {
			isa = PBXFrameworksBuildPhase;
			buildActionMask = 2147483647;
			files = (
				57ABE3FCF0CD7FBFCF2A5B25 /* libPods-Office365Demo.a in Frameworks */,
			);
			runOnlyForDeploymentPostprocessing = 0;
		};
		59EBD3061D186156009E6C2F /* Frameworks */ = {
			isa = PBXFrameworksBuildPhase;
			buildActionMask = 2147483647;
			files = (
			);
			runOnlyForDeploymentPostprocessing = 0;
		};
		59EBD3111D186156009E6C2F /* Frameworks */ = {
			isa = PBXFrameworksBuildPhase;
			buildActionMask = 2147483647;
			files = (
			);
			runOnlyForDeploymentPostprocessing = 0;
		};
/* End PBXFrameworksBuildPhase section */

/* Begin PBXGroup section */
		5954909F1D21830200A74E3B /* cell */ = {
			isa = PBXGroup;
			children = (
				595490A41D21866900A74E3B /* MessagesTableViewCell.swift */,
				59FF284C1DBADC7A00E8E9C4 /* MessageDetailTableViewCell.swift */,
				59FF28501DBBF5CC00E8E9C4 /* MessageDetailCollectionReusableView.swift */,
			);
			name = cell;
			sourceTree = "<group>";
		};
		595490A61D219C6600A74E3B /* extension */ = {
			isa = PBXGroup;
			children = (
				595490A71D219C9200A74E3B /* UIColorExtension.swift */,
				595490A91D21C85000A74E3B /* NSDateExtension.swift */,
			);
			name = extension;
			sourceTree = "<group>";
		};
		595490AF1D2317F900A74E3B /* model */ = {
			isa = PBXGroup;
			children = (
				595490B01D23181E00A74E3B /* Conversation.swift */,
			);
			name = model;
			sourceTree = "<group>";
		};
		59EBD2EC1D186156009E6C2F = {
			isa = PBXGroup;
			children = (
				59EBD2F71D186156009E6C2F /* Office365Demo */,
				59EBD30C1D186156009E6C2F /* Office365DemoTests */,
				59EBD3171D186156009E6C2F /* Office365DemoUITests */,
				59EBD2F61D186156009E6C2F /* Products */,
				59EBD3281D186743009E6C2F /* Podfile */,
				D815335B4A2515564F48E83F /* Pods */,
				EA7283976E0B546278792B4C /* Frameworks */,
			);
			sourceTree = "<group>";
		};
		59EBD2F61D186156009E6C2F /* Products */ = {
			isa = PBXGroup;
			children = (
				59EBD2F51D186156009E6C2F /* Office365Demo.app */,
				59EBD3091D186156009E6C2F /* Office365DemoTests.xctest */,
				59EBD3141D186156009E6C2F /* Office365DemoUITests.xctest */,
			);
			name = Products;
			sourceTree = "<group>";
		};
		59EBD2F71D186156009E6C2F /* Office365Demo */ = {
			isa = PBXGroup;
			children = (
				59FF28491DB839AD00E8E9C4 /* util */,
				595490B41D26CA8100A74E3B /* Office365Demo.entitlements */,
				595490AF1D2317F900A74E3B /* model */,
				595490A61D219C6600A74E3B /* extension */,
				5954909F1D21830200A74E3B /* cell */,
				59EBD3351D18A029009E6C2F /* api */,
				59EBD3341D189D5E009E6C2F /* button */,
				59EBD2F81D186156009E6C2F /* AppDelegate.swift */,
				59EBD33A1D19B585009E6C2F /* LoginViewController.swift */,
				595490A21D2183A100A74E3B /* MessagesTableViewController.swift */,
				592B83C01DB5286F00FA7D5D /* MessageDetailViewController.swift */,
				59FF284E1DBBD00200E8E9C4 /* MessageDetailTableViewController.swift */,
				59FF28471DB7BFF500E8E9C4 /* ComposeTableViewController.swift */,
				59EBD2FC1D186156009E6C2F /* Main.storyboard */,
				59EBD2FF1D186156009E6C2F /* Assets.xcassets */,
				59EBD3011D186156009E6C2F /* LaunchScreen.storyboard */,
				59EBD3041D186156009E6C2F /* Info.plist */,
				59EBD32B1D186B13009E6C2F /* Bridging-Header.h */,
			);
			path = Office365Demo;
			sourceTree = "<group>";
		};
		59EBD30C1D186156009E6C2F /* Office365DemoTests */ = {
			isa = PBXGroup;
			children = (
				59EBD30D1D186156009E6C2F /* Office365DemoTests.swift */,
				59EBD30F1D186156009E6C2F /* Info.plist */,
			);
			path = Office365DemoTests;
			sourceTree = "<group>";
		};
		59EBD3171D186156009E6C2F /* Office365DemoUITests */ = {
			isa = PBXGroup;
			children = (
				59EBD3181D186156009E6C2F /* Office365DemoUITests.swift */,
				59EBD31A1D186156009E6C2F /* Info.plist */,
			);
			path = Office365DemoUITests;
			sourceTree = "<group>";
		};
		59EBD3341D189D5E009E6C2F /* button */ = {
			isa = PBXGroup;
			children = (
				59EBD3321D189D56009E6C2F /* Office365LoginButton.swift */,
			);
			name = button;
			sourceTree = "<group>";
		};
		59EBD3351D18A029009E6C2F /* api */ = {
			isa = PBXGroup;
			children = (
				59EBD32E1D1871D9009E6C2F /* O365ClientFetcher.swift */,
				59EBD32C1D186C56009E6C2F /* AuthenticationManager.swift */,
				595490B21D24404600A74E3B /* Office365Manager.swift */,
			);
			name = api;
			sourceTree = "<group>";
		};
		59FF28491DB839AD00E8E9C4 /* util */ = {
			isa = PBXGroup;
			children = (
				59FF284A1DB839EA00E8E9C4 /* ActivityViewController.swift */,
			);
			name = util;
			sourceTree = "<group>";
		};
		D815335B4A2515564F48E83F /* Pods */ = {
			isa = PBXGroup;
			children = (
				E00FCB21BB973EE1B0F200F3 /* Pods-Office365Demo.debug.xcconfig */,
				39662F16A075918A8E57AC47 /* Pods-Office365Demo.release.xcconfig */,
			);
			name = Pods;
			sourceTree = "<group>";
		};
		EA7283976E0B546278792B4C /* Frameworks */ = {
			isa = PBXGroup;
			children = (
				DF47302380EC9B8D1050396D /* libPods-Office365Demo.a */,
			);
			name = Frameworks;
			sourceTree = "<group>";
		};
/* End PBXGroup section */

/* Begin PBXNativeTarget section */
		59EBD2F41D186156009E6C2F /* Office365Demo */ = {
			isa = PBXNativeTarget;
			buildConfigurationList = 59EBD31D1D186156009E6C2F /* Build configuration list for PBXNativeTarget "Office365Demo" */;
			buildPhases = (
				7044E0B9363211EE2B82F599 /* [CP] Check Pods Manifest.lock */,
				59EBD2F11D186156009E6C2F /* Sources */,
				59EBD2F21D186156009E6C2F /* Frameworks */,
				59EBD2F31D186156009E6C2F /* Resources */,
				68CE7CB8E20F783D68A36CD0 /* [CP] Embed Pods Frameworks */,
				FCB9FB4BA8E6ED2E3718C729 /* [CP] Copy Pods Resources */,
			);
			buildRules = (
			);
			dependencies = (
			);
			name = Office365Demo;
			productName = Office365Demo;
			productReference = 59EBD2F51D186156009E6C2F /* Office365Demo.app */;
			productType = "com.apple.product-type.application";
		};
		59EBD3081D186156009E6C2F /* Office365DemoTests */ = {
			isa = PBXNativeTarget;
			buildConfigurationList = 59EBD3201D186156009E6C2F /* Build configuration list for PBXNativeTarget "Office365DemoTests" */;
			buildPhases = (
				59EBD3051D186156009E6C2F /* Sources */,
				59EBD3061D186156009E6C2F /* Frameworks */,
				59EBD3071D186156009E6C2F /* Resources */,
			);
			buildRules = (
			);
			dependencies = (
				59EBD30B1D186156009E6C2F /* PBXTargetDependency */,
			);
			name = Office365DemoTests;
			productName = Office365DemoTests;
			productReference = 59EBD3091D186156009E6C2F /* Office365DemoTests.xctest */;
			productType = "com.apple.product-type.bundle.unit-test";
		};
		59EBD3131D186156009E6C2F /* Office365DemoUITests */ = {
			isa = PBXNativeTarget;
			buildConfigurationList = 59EBD3231D186156009E6C2F /* Build configuration list for PBXNativeTarget "Office365DemoUITests" */;
			buildPhases = (
				59EBD3101D186156009E6C2F /* Sources */,
				59EBD3111D186156009E6C2F /* Frameworks */,
				59EBD3121D186156009E6C2F /* Resources */,
			);
			buildRules = (
			);
			dependencies = (
				59EBD3161D186156009E6C2F /* PBXTargetDependency */,
			);
			name = Office365DemoUITests;
			productName = Office365DemoUITests;
			productReference = 59EBD3141D186156009E6C2F /* Office365DemoUITests.xctest */;
			productType = "com.apple.product-type.bundle.ui-testing";
		};
/* End PBXNativeTarget section */

/* Begin PBXProject section */
		59EBD2ED1D186156009E6C2F /* Project object */ = {
			isa = PBXProject;
			attributes = {
				LastSwiftUpdateCheck = 0730;
				LastUpgradeCheck = 0800;
				ORGANIZATIONNAME = "Mehmet Sen";
				TargetAttributes = {
					59EBD2F41D186156009E6C2F = {
						CreatedOnToolsVersion = 7.3;
						DevelopmentTeam = RLAHF6FL89;
						LastSwiftMigration = 0800;
						SystemCapabilities = {
							com.apple.Keychain = {
								enabled = 1;
							};
						};
					};
					59EBD3081D186156009E6C2F = {
						CreatedOnToolsVersion = 7.3;
						LastSwiftMigration = 0800;
						TestTargetID = 59EBD2F41D186156009E6C2F;
					};
					59EBD3131D186156009E6C2F = {
						CreatedOnToolsVersion = 7.3;
						LastSwiftMigration = 0800;
						TestTargetID = 59EBD2F41D186156009E6C2F;
					};
				};
			};
			buildConfigurationList = 59EBD2F01D186156009E6C2F /* Build configuration list for PBXProject "Office365Demo" */;
			compatibilityVersion = "Xcode 3.2";
			developmentRegion = English;
			hasScannedForEncodings = 0;
			knownRegions = (
				en,
				Base,
			);
			mainGroup = 59EBD2EC1D186156009E6C2F;
			productRefGroup = 59EBD2F61D186156009E6C2F /* Products */;
			projectDirPath = "";
			projectRoot = "";
			targets = (
				59EBD2F41D186156009E6C2F /* Office365Demo */,
				59EBD3081D186156009E6C2F /* Office365DemoTests */,
				59EBD3131D186156009E6C2F /* Office365DemoUITests */,
			);
		};
/* End PBXProject section */

/* Begin PBXResourcesBuildPhase section */
		59EBD2F31D186156009E6C2F /* Resources */ = {
			isa = PBXResourcesBuildPhase;
			buildActionMask = 2147483647;
			files = (
				59EBD3031D186156009E6C2F /* LaunchScreen.storyboard in Resources */,
				59EBD3001D186156009E6C2F /* Assets.xcassets in Resources */,
				59EBD3291D186743009E6C2F /* Podfile in Resources */,
				59EBD2FE1D186156009E6C2F /* Main.storyboard in Resources */,
			);
			runOnlyForDeploymentPostprocessing = 0;
		};
		59EBD3071D186156009E6C2F /* Resources */ = {
			isa = PBXResourcesBuildPhase;
			buildActionMask = 2147483647;
			files = (
			);
			runOnlyForDeploymentPostprocessing = 0;
		};
		59EBD3121D186156009E6C2F /* Resources */ = {
			isa = PBXResourcesBuildPhase;
			buildActionMask = 2147483647;
			files = (
			);
			runOnlyForDeploymentPostprocessing = 0;
		};
/* End PBXResourcesBuildPhase section */

/* Begin PBXShellScriptBuildPhase section */
		68CE7CB8E20F783D68A36CD0 /* [CP] Embed Pods Frameworks */ = {
			isa = PBXShellScriptBuildPhase;
			buildActionMask = 2147483647;
			files = (
			);
			inputPaths = (
			);
			name = "[CP] Embed Pods Frameworks";
			outputPaths = (
			);
			runOnlyForDeploymentPostprocessing = 0;
			shellPath = /bin/sh;
			shellScript = "\"${SRCROOT}/Pods/Target Support Files/Pods-Office365Demo/Pods-Office365Demo-frameworks.sh\"\n";
			showEnvVarsInLog = 0;
		};
		7044E0B9363211EE2B82F599 /* [CP] Check Pods Manifest.lock */ = {
			isa = PBXShellScriptBuildPhase;
			buildActionMask = 2147483647;
			files = (
			);
			inputPaths = (
			);
			name = "[CP] Check Pods Manifest.lock";
			outputPaths = (
			);
			runOnlyForDeploymentPostprocessing = 0;
			shellPath = /bin/sh;
			shellScript = "diff \"${PODS_ROOT}/../Podfile.lock\" \"${PODS_ROOT}/Manifest.lock\" > /dev/null\nif [[ $? != 0 ]] ; then\n    cat << EOM\nerror: The sandbox is not in sync with the Podfile.lock. Run 'pod install' or update your CocoaPods installation.\nEOM\n    exit 1\nfi\n";
			showEnvVarsInLog = 0;
		};
		FCB9FB4BA8E6ED2E3718C729 /* [CP] Copy Pods Resources */ = {
			isa = PBXShellScriptBuildPhase;
			buildActionMask = 2147483647;
			files = (
			);
			inputPaths = (
			);
			name = "[CP] Copy Pods Resources";
			outputPaths = (
			);
			runOnlyForDeploymentPostprocessing = 0;
			shellPath = /bin/sh;
			shellScript = "\"${SRCROOT}/Pods/Target Support Files/Pods-Office365Demo/Pods-Office365Demo-resources.sh\"\n";
			showEnvVarsInLog = 0;
		};
/* End PBXShellScriptBuildPhase section */

/* Begin PBXSourcesBuildPhase section */
		59EBD2F11D186156009E6C2F /* Sources */ = {
			isa = PBXSourcesBuildPhase;
			buildActionMask = 2147483647;
			files = (
				59FF284F1DBBD00200E8E9C4 /* MessageDetailTableViewController.swift in Sources */,
				595490A51D21866900A74E3B /* MessagesTableViewCell.swift in Sources */,
				595490A31D2183A100A74E3B /* MessagesTableViewController.swift in Sources */,
				595490B31D24404600A74E3B /* Office365Manager.swift in Sources */,
				59FF28511DBBF5CC00E8E9C4 /* MessageDetailCollectionReusableView.swift in Sources */,
				595490B11D23181E00A74E3B /* Conversation.swift in Sources */,
				59EBD32D1D186C56009E6C2F /* AuthenticationManager.swift in Sources */,
				59EBD33B1D19B585009E6C2F /* LoginViewController.swift in Sources */,
				592B83C11DB5286F00FA7D5D /* MessageDetailViewController.swift in Sources */,
				59EBD2F91D186156009E6C2F /* AppDelegate.swift in Sources */,
				59EBD3331D189D56009E6C2F /* Office365LoginButton.swift in Sources */,
				59FF28481DB7BFF500E8E9C4 /* ComposeTableViewController.swift in Sources */,
				595490AA1D21C85000A74E3B /* NSDateExtension.swift in Sources */,
				59FF284B1DB839EA00E8E9C4 /* ActivityViewController.swift in Sources */,
				59FF284D1DBADC7A00E8E9C4 /* MessageDetailTableViewCell.swift in Sources */,
				59EBD32F1D1871D9009E6C2F /* O365ClientFetcher.swift in Sources */,
				595490A81D219C9200A74E3B /* UIColorExtension.swift in Sources */,
			);
			runOnlyForDeploymentPostprocessing = 0;
		};
		59EBD3051D186156009E6C2F /* Sources */ = {
			isa = PBXSourcesBuildPhase;
			buildActionMask = 2147483647;
			files = (
				59EBD30E1D186156009E6C2F /* Office365DemoTests.swift in Sources */,
			);
			runOnlyForDeploymentPostprocessing = 0;
		};
		59EBD3101D186156009E6C2F /* Sources */ = {
			isa = PBXSourcesBuildPhase;
			buildActionMask = 2147483647;
			files = (
				59EBD3191D186156009E6C2F /* Office365DemoUITests.swift in Sources */,
			);
			runOnlyForDeploymentPostprocessing = 0;
		};
/* End PBXSourcesBuildPhase section */

/* Begin PBXTargetDependency section */
		59EBD30B1D186156009E6C2F /* PBXTargetDependency */ = {
			isa = PBXTargetDependency;
			target = 59EBD2F41D186156009E6C2F /* Office365Demo */;
			targetProxy = 59EBD30A1D186156009E6C2F /* PBXContainerItemProxy */;
		};
		59EBD3161D186156009E6C2F /* PBXTargetDependency */ = {
			isa = PBXTargetDependency;
			target = 59EBD2F41D186156009E6C2F /* Office365Demo */;
			targetProxy = 59EBD3151D186156009E6C2F /* PBXContainerItemProxy */;
		};
/* End PBXTargetDependency section */

/* Begin PBXVariantGroup section */
		59EBD2FC1D186156009E6C2F /* Main.storyboard */ = {
			isa = PBXVariantGroup;
			children = (
				59EBD2FD1D186156009E6C2F /* Base */,
			);
			name = Main.storyboard;
			sourceTree = "<group>";
		};
		59EBD3011D186156009E6C2F /* LaunchScreen.storyboard */ = {
			isa = PBXVariantGroup;
			children = (
				59EBD3021D186156009E6C2F /* Base */,
			);
			name = LaunchScreen.storyboard;
			sourceTree = "<group>";
		};
/* End PBXVariantGroup section */

/* Begin XCBuildConfiguration section */
		59EBD31B1D186156009E6C2F /* Debug */ = {
			isa = XCBuildConfiguration;
			buildSettings = {
				ALWAYS_SEARCH_USER_PATHS = NO;
				CLANG_ANALYZER_NONNULL = YES;
				CLANG_CXX_LANGUAGE_STANDARD = "gnu++0x";
				CLANG_CXX_LIBRARY = "libc++";
				CLANG_ENABLE_MODULES = YES;
				CLANG_ENABLE_OBJC_ARC = YES;
				CLANG_WARN_BOOL_CONVERSION = YES;
				CLANG_WARN_CONSTANT_CONVERSION = YES;
				CLANG_WARN_DIRECT_OBJC_ISA_USAGE = YES_ERROR;
				CLANG_WARN_EMPTY_BODY = YES;
				CLANG_WARN_ENUM_CONVERSION = YES;
				CLANG_WARN_INFINITE_RECURSION = YES;
				CLANG_WARN_INT_CONVERSION = YES;
				CLANG_WARN_OBJC_ROOT_CLASS = YES_ERROR;
				CLANG_WARN_SUSPICIOUS_MOVE = YES;
				CLANG_WARN_UNREACHABLE_CODE = YES;
				CLANG_WARN__DUPLICATE_METHOD_MATCH = YES;
				"CODE_SIGN_IDENTITY[sdk=iphoneos*]" = "iPhone Developer";
				COPY_PHASE_STRIP = NO;
				DEBUG_INFORMATION_FORMAT = dwarf;
				ENABLE_STRICT_OBJC_MSGSEND = YES;
				ENABLE_TESTABILITY = YES;
				GCC_C_LANGUAGE_STANDARD = gnu99;
				GCC_DYNAMIC_NO_PIC = NO;
				GCC_NO_COMMON_BLOCKS = YES;
				GCC_OPTIMIZATION_LEVEL = 0;
				GCC_PREPROCESSOR_DEFINITIONS = (
					"DEBUG=1",
					"$(inherited)",
				);
				GCC_WARN_64_TO_32_BIT_CONVERSION = YES;
				GCC_WARN_ABOUT_RETURN_TYPE = YES_ERROR;
				GCC_WARN_UNDECLARED_SELECTOR = YES;
				GCC_WARN_UNINITIALIZED_AUTOS = YES_AGGRESSIVE;
				GCC_WARN_UNUSED_FUNCTION = YES;
				GCC_WARN_UNUSED_VARIABLE = YES;
				IPHONEOS_DEPLOYMENT_TARGET = 8.0;
				MTL_ENABLE_DEBUG_INFO = YES;
				ONLY_ACTIVE_ARCH = YES;
				SDKROOT = iphoneos;
				SWIFT_OPTIMIZATION_LEVEL = "-Onone";
				TARGETED_DEVICE_FAMILY = "1,2";
			};
			name = Debug;
		};
		59EBD31C1D186156009E6C2F /* Release */ = {
			isa = XCBuildConfiguration;
			buildSettings = {
				ALWAYS_SEARCH_USER_PATHS = NO;
				CLANG_ANALYZER_NONNULL = YES;
				CLANG_CXX_LANGUAGE_STANDARD = "gnu++0x";
				CLANG_CXX_LIBRARY = "libc++";
				CLANG_ENABLE_MODULES = YES;
				CLANG_ENABLE_OBJC_ARC = YES;
				CLANG_WARN_BOOL_CONVERSION = YES;
				CLANG_WARN_CONSTANT_CONVERSION = YES;
				CLANG_WARN_DIRECT_OBJC_ISA_USAGE = YES_ERROR;
				CLANG_WARN_EMPTY_BODY = YES;
				CLANG_WARN_ENUM_CONVERSION = YES;
				CLANG_WARN_INFINITE_RECURSION = YES;
				CLANG_WARN_INT_CONVERSION = YES;
				CLANG_WARN_OBJC_ROOT_CLASS = YES_ERROR;
				CLANG_WARN_SUSPICIOUS_MOVE = YES;
				CLANG_WARN_UNREACHABLE_CODE = YES;
				CLANG_WARN__DUPLICATE_METHOD_MATCH = YES;
				"CODE_SIGN_IDENTITY[sdk=iphoneos*]" = "iPhone Developer";
				COPY_PHASE_STRIP = NO;
				DEBUG_INFORMATION_FORMAT = "dwarf-with-dsym";
				ENABLE_NS_ASSERTIONS = NO;
				ENABLE_STRICT_OBJC_MSGSEND = YES;
				GCC_C_LANGUAGE_STANDARD = gnu99;
				GCC_NO_COMMON_BLOCKS = YES;
				GCC_WARN_64_TO_32_BIT_CONVERSION = YES;
				GCC_WARN_ABOUT_RETURN_TYPE = YES_ERROR;
				GCC_WARN_UNDECLARED_SELECTOR = YES;
				GCC_WARN_UNINITIALIZED_AUTOS = YES_AGGRESSIVE;
				GCC_WARN_UNUSED_FUNCTION = YES;
				GCC_WARN_UNUSED_VARIABLE = YES;
				IPHONEOS_DEPLOYMENT_TARGET = 8.0;
				MTL_ENABLE_DEBUG_INFO = NO;
				SDKROOT = iphoneos;
				SWIFT_OPTIMIZATION_LEVEL = "-Owholemodule";
				TARGETED_DEVICE_FAMILY = "1,2";
				VALIDATE_PRODUCT = YES;
			};
			name = Release;
		};
		59EBD31E1D186156009E6C2F /* Debug */ = {
			isa = XCBuildConfiguration;
			baseConfigurationReference = E00FCB21BB973EE1B0F200F3 /* Pods-Office365Demo.debug.xcconfig */;
			buildSettings = {
				ASSETCATALOG_COMPILER_APPICON_NAME = AppIcon;
				CODE_SIGN_ENTITLEMENTS = Office365Demo/Office365Demo.entitlements;
				INFOPLIST_FILE = Office365Demo/Info.plist;
				IPHONEOS_DEPLOYMENT_TARGET = 8.1;
				LD_RUNPATH_SEARCH_PATHS = "$(inherited) @executable_path/Frameworks";
				PRODUCT_BUNDLE_IDENTIFIER = sample.Office365Demo;
				PRODUCT_NAME = "$(TARGET_NAME)";
				SWIFT_OBJC_BRIDGING_HEADER = "Office365Demo/Bridging-Header.h";
				SWIFT_VERSION = 3.0;
			};
			name = Debug;
		};
		59EBD31F1D186156009E6C2F /* Release */ = {
			isa = XCBuildConfiguration;
			baseConfigurationReference = 39662F16A075918A8E57AC47 /* Pods-Office365Demo.release.xcconfig */;
			buildSettings = {
				ASSETCATALOG_COMPILER_APPICON_NAME = AppIcon;
				CODE_SIGN_ENTITLEMENTS = Office365Demo/Office365Demo.entitlements;
				INFOPLIST_FILE = Office365Demo/Info.plist;
				IPHONEOS_DEPLOYMENT_TARGET = 8.1;
				LD_RUNPATH_SEARCH_PATHS = "$(inherited) @executable_path/Frameworks";
				PRODUCT_BUNDLE_IDENTIFIER = sample.Office365Demo;
				PRODUCT_NAME = "$(TARGET_NAME)";
				SWIFT_OBJC_BRIDGING_HEADER = "Office365Demo/Bridging-Header.h";
				SWIFT_VERSION = 3.0;
			};
			name = Release;
		};
		59EBD3211D186156009E6C2F /* Debug */ = {
			isa = XCBuildConfiguration;
			buildSettings = {
				BUNDLE_LOADER = "$(TEST_HOST)";
				INFOPLIST_FILE = Office365DemoTests/Info.plist;
				LD_RUNPATH_SEARCH_PATHS = "$(inherited) @executable_path/Frameworks @loader_path/Frameworks";
				PRODUCT_BUNDLE_IDENTIFIER = sample.Office365DemoTests;
				PRODUCT_NAME = "$(TARGET_NAME)";
				SWIFT_VERSION = 3.0;
				TEST_HOST = "$(BUILT_PRODUCTS_DIR)/Office365Demo.app/Office365Demo";
			};
			name = Debug;
		};
		59EBD3221D186156009E6C2F /* Release */ = {
			isa = XCBuildConfiguration;
			buildSettings = {
				BUNDLE_LOADER = "$(TEST_HOST)";
				INFOPLIST_FILE = Office365DemoTests/Info.plist;
				LD_RUNPATH_SEARCH_PATHS = "$(inherited) @executable_path/Frameworks @loader_path/Frameworks";
				PRODUCT_BUNDLE_IDENTIFIER = sample.Office365DemoTests;
				PRODUCT_NAME = "$(TARGET_NAME)";
				SWIFT_VERSION = 3.0;
				TEST_HOST = "$(BUILT_PRODUCTS_DIR)/Office365Demo.app/Office365Demo";
			};
			name = Release;
		};
		59EBD3241D186156009E6C2F /* Debug */ = {
			isa = XCBuildConfiguration;
			buildSettings = {
				INFOPLIST_FILE = Office365DemoUITests/Info.plist;
				LD_RUNPATH_SEARCH_PATHS = "$(inherited) @executable_path/Frameworks @loader_path/Frameworks";
				PRODUCT_BUNDLE_IDENTIFIER = sample.Office365DemoUITests;
				PRODUCT_NAME = "$(TARGET_NAME)";
				SWIFT_VERSION = 3.0;
				TEST_TARGET_NAME = Office365Demo;
			};
			name = Debug;
		};
		59EBD3251D186156009E6C2F /* Release */ = {
			isa = XCBuildConfiguration;
			buildSettings = {
				INFOPLIST_FILE = Office365DemoUITests/Info.plist;
				LD_RUNPATH_SEARCH_PATHS = "$(inherited) @executable_path/Frameworks @loader_path/Frameworks";
				PRODUCT_BUNDLE_IDENTIFIER = sample.Office365DemoUITests;
				PRODUCT_NAME = "$(TARGET_NAME)";
				SWIFT_VERSION = 3.0;
				TEST_TARGET_NAME = Office365Demo;
			};
			name = Release;
		};
/* End XCBuildConfiguration section */

/* Begin XCConfigurationList section */
		59EBD2F01D186156009E6C2F /* Build configuration list for PBXProject "Office365Demo" */ = {
			isa = XCConfigurationList;
			buildConfigurations = (
				59EBD31B1D186156009E6C2F /* Debug */,
				59EBD31C1D186156009E6C2F /* Release */,
			);
			defaultConfigurationIsVisible = 0;
			defaultConfigurationName = Release;
		};
		59EBD31D1D186156009E6C2F /* Build configuration list for PBXNativeTarget "Office365Demo" */ = {
			isa = XCConfigurationList;
			buildConfigurations = (
				59EBD31E1D186156009E6C2F /* Debug */,
				59EBD31F1D186156009E6C2F /* Release */,
			);
			defaultConfigurationIsVisible = 0;
			defaultConfigurationName = Release;
		};
		59EBD3201D186156009E6C2F /* Build configuration list for PBXNativeTarget "Office365DemoTests" */ = {
			isa = XCConfigurationList;
			buildConfigurations = (
				59EBD3211D186156009E6C2F /* Debug */,
				59EBD3221D186156009E6C2F /* Release */,
			);
			defaultConfigurationIsVisible = 0;
			defaultConfigurationName = Release;
		};
		59EBD3231D186156009E6C2F /* Build configuration list for PBXNativeTarget "Office365DemoUITests" */ = {
			isa = XCConfigurationList;
			buildConfigurations = (
				59EBD3241D186156009E6C2F /* Debug */,
				59EBD3251D186156009E6C2F /* Release */,
			);
			defaultConfigurationIsVisible = 0;
			defaultConfigurationName = Release;
		};
/* End XCConfigurationList section */
	};
	rootObject = 59EBD2ED1D186156009E6C2F /* Project object */;
}
